
Microsoft Visual Studio Solution File, Format Version 12.00
# Visual Studio 15
VisualStudioVersion = 15.0.27703.2018
MinimumVisualStudioVersion = 10.0.40219.1
Project("{9A19103F-16F7-4668-BE54-9A1E7A4F7556}") = "ViewModelComposition", "Particular.ViewModelComposition\Particular.ViewModelComposition.csproj", "{1CB1214F-5A83-4184-BD6A-204B0BEED77C}"
EndProject
Project("{9A19103F-16F7-4668-BE54-9A1E7A4F7556}") = "ViewModelComposition.Gateway", "Particular.ViewModelComposition.Gateway\Particular.ViewModelComposition.Gateway.csproj", "{E357BE0A-E32C-42D9-B4F8-C0DC124C10A3}"
EndProject
Project("{9A19103F-16F7-4668-BE54-9A1E7A4F7556}") = "ViewModelComposition.Mvc", "Particular.ViewModelComposition.Mvc\Particular.ViewModelComposition.Mvc.csproj", "{360B1F7B-A2A0-4C44-869B-67E9DCBD2531}"
EndProject
Global
	GlobalSection(SolutionConfigurationPlatforms) = preSolution
		Debug|Any CPU = Debug|Any CPU
		Release|Any CPU = Release|Any CPU
	EndGlobalSection
	GlobalSection(ProjectConfigurationPlatforms) = postSolution
		{1CB1214F-5A83-4184-BD6A-204B0BEED77C}.Debug|Any CPU.ActiveCfg = Debug|Any CPU
		{1CB1214F-5A83-4184-BD6A-204B0BEED77C}.Debug|Any CPU.Build.0 = Debug|Any CPU
		{1CB1214F-5A83-4184-BD6A-204B0BEED77C}.Release|Any CPU.ActiveCfg = Release|Any CPU
		{1CB1214F-5A83-4184-BD6A-204B0BEED77C}.Release|Any CPU.Build.0 = Release|Any CPU
		{E357BE0A-E32C-42D9-B4F8-C0DC124C10A3}.Debug|Any CPU.ActiveCfg = Debug|Any CPU
		{E357BE0A-E32C-42D9-B4F8-C0DC124C10A3}.Debug|Any CPU.Build.0 = Debug|Any CPU
		{E357BE0A-E32C-42D9-B4F8-C0DC124C10A3}.Release|Any CPU.ActiveCfg = Release|Any CPU
		{E357BE0A-E32C-42D9-B4F8-C0DC124C10A3}.Release|Any CPU.Build.0 = Release|Any CPU
		{360B1F7B-A2A0-4C44-869B-67E9DCBD2531}.Debug|Any CPU.ActiveCfg = Debug|Any CPU
		{360B1F7B-A2A0-4C44-869B-67E9DCBD2531}.Debug|Any CPU.Build.0 = Debug|Any CPU
		{360B1F7B-A2A0-4C44-869B-67E9DCBD2531}.Release|Any CPU.ActiveCfg = Release|Any CPU
		{360B1F7B-A2A0-4C44-869B-67E9DCBD2531}.Release|Any CPU.Build.0 = Release|Any CPU
	EndGlobalSection
	GlobalSection(SolutionProperties) = preSolution
		HideSolutionNode = FALSE
	EndGlobalSection
	GlobalSection(ExtensibilityGlobals) = postSolution
		SolutionGuid = {6575C8B8-C232-4117-BA32-79DFFA5497C4}
	EndGlobalSection
EndGlobal
