Microsoft Visual Studio Solution File, Format Version 12.00
# Visual Studio 15
VisualStudioVersion = 15.0.26124.0
MinimumVisualStudioVersion = 15.0.26124.0
Project("{9A19103F-16F7-4668-BE54-9A1E7A4F7556}") = "EShop.UI", "EShop.UI\EShop.UI.csproj", "{4C60AD34-57C3-48E7-84BC-DF087045F127}"
EndProject
Project("{9A19103F-16F7-4668-BE54-9A1E7A4F7556}") = "Marketing.ViewModelComposition", "Marketing.ViewModelComposition\Marketing.ViewModelComposition.csproj", "{DFDF3B4F-09EE-4D52-A987-2089C14F4877}"
EndProject
Project("{2150E333-8FDC-42A3-9474-1A3956D46DE8}") = "Marketing", "Marketing", "{36AFE796-F1E7-4567-B68D-5C6952834595}"
EndProject
Project("{9A19103F-16F7-4668-BE54-9A1E7A4F7556}") = "EShop.UI.Baseline", "EShop.UI.Baseline\EShop.UI.Baseline.csproj", "{B7053182-55E8-4296-9180-EFAF0AC0FDD7}"
EndProject
Project("{9A19103F-16F7-4668-BE54-9A1E7A4F7556}") = "EShop.UI.Baseline.Tests", "EShop.UI.Baseline.Tests\EShop.UI.Baseline.Tests.csproj", "{969C62B0-726B-4D3D-A30C-CD12FF6147F6}"
EndProject
Project("{9A19103F-16F7-4668-BE54-9A1E7A4F7556}") = "EShop.UI.Tests", "EShop.UI.Tests\EShop.UI.Tests.csproj", "{13BCCE14-E298-4465-A4A5-05E95E3D7DC2}"
EndProject
Project("{9A19103F-16F7-4668-BE54-9A1E7A4F7556}") = "EShop.CompositionGateway", "EShop.CompositionGateway\EShop.CompositionGateway.csproj", "{4B8AA433-CD4A-4707-8376-0FB81EA8696B}"
EndProject
Project("{9A19103F-16F7-4668-BE54-9A1E7A4F7556}") = "EShop.CompositionGateway.Tests", "EShop.CompositionGateway.Tests\EShop.CompositionGateway.Tests.csproj", "{4EC683FD-D6AE-4B94-B382-D288C9F45488}"
EndProject
Project("{9A19103F-16F7-4668-BE54-9A1E7A4F7556}") = "PerformanceTests", "PerformanceTests\PerformanceTests.csproj", "{CFEB69B5-99C9-498D-9419-2A9107A1F9D4}"
EndProject
Project("{2150E333-8FDC-42A3-9474-1A3956D46DE8}") = "CompositionEngine", "CompositionEngine", "{803D2F85-6277-47A6-B025-F794D30CA696}"
EndProject
Project("{9A19103F-16F7-4668-BE54-9A1E7A4F7556}") = "Particular.ViewModelComposition.AspNetCore", "..\src\Particular.ViewModelComposition.AspNetCore\Particular.ViewModelComposition.AspNetCore.csproj", "{61BD88E2-87D6-4C29-A639-9B25DE584CE8}"
EndProject
Project("{9A19103F-16F7-4668-BE54-9A1E7A4F7556}") = "Particular.ViewModelComposition.AspNetCore.Mvc", "..\src\Particular.ViewModelComposition.AspNetCore.Mvc\Particular.ViewModelComposition.AspNetCore.Mvc.csproj", "{70A2A9DA-DEBC-4C77-BB88-80FAC1CB9CE9}"
EndProject
Global
	GlobalSection(SolutionConfigurationPlatforms) = preSolution
		Debug|Any CPU = Debug|Any CPU
		Debug|x64 = Debug|x64
		Debug|x86 = Debug|x86
		Release|Any CPU = Release|Any CPU
		Release|x64 = Release|x64
		Release|x86 = Release|x86
	EndGlobalSection
	GlobalSection(ProjectConfigurationPlatforms) = postSolution
		{4C60AD34-57C3-48E7-84BC-DF087045F127}.Debug|Any CPU.ActiveCfg = Debug|Any CPU
		{4C60AD34-57C3-48E7-84BC-DF087045F127}.Debug|Any CPU.Build.0 = Debug|Any CPU
		{4C60AD34-57C3-48E7-84BC-DF087045F127}.Debug|x64.ActiveCfg = Debug|Any CPU
		{4C60AD34-57C3-48E7-84BC-DF087045F127}.Debug|x64.Build.0 = Debug|Any CPU
		{4C60AD34-57C3-48E7-84BC-DF087045F127}.Debug|x86.ActiveCfg = Debug|Any CPU
		{4C60AD34-57C3-48E7-84BC-DF087045F127}.Debug|x86.Build.0 = Debug|Any CPU
		{4C60AD34-57C3-48E7-84BC-DF087045F127}.Release|Any CPU.ActiveCfg = Release|Any CPU
		{4C60AD34-57C3-48E7-84BC-DF087045F127}.Release|Any CPU.Build.0 = Release|Any CPU
		{4C60AD34-57C3-48E7-84BC-DF087045F127}.Release|x64.ActiveCfg = Release|Any CPU
		{4C60AD34-57C3-48E7-84BC-DF087045F127}.Release|x64.Build.0 = Release|Any CPU
		{4C60AD34-57C3-48E7-84BC-DF087045F127}.Release|x86.ActiveCfg = Release|Any CPU
		{4C60AD34-57C3-48E7-84BC-DF087045F127}.Release|x86.Build.0 = Release|Any CPU
		{DFDF3B4F-09EE-4D52-A987-2089C14F4877}.Debug|Any CPU.ActiveCfg = Debug|Any CPU
		{DFDF3B4F-09EE-4D52-A987-2089C14F4877}.Debug|Any CPU.Build.0 = Debug|Any CPU
		{DFDF3B4F-09EE-4D52-A987-2089C14F4877}.Debug|x64.ActiveCfg = Debug|Any CPU
		{DFDF3B4F-09EE-4D52-A987-2089C14F4877}.Debug|x64.Build.0 = Debug|Any CPU
		{DFDF3B4F-09EE-4D52-A987-2089C14F4877}.Debug|x86.ActiveCfg = Debug|Any CPU
		{DFDF3B4F-09EE-4D52-A987-2089C14F4877}.Debug|x86.Build.0 = Debug|Any CPU
		{DFDF3B4F-09EE-4D52-A987-2089C14F4877}.Release|Any CPU.ActiveCfg = Release|Any CPU
		{DFDF3B4F-09EE-4D52-A987-2089C14F4877}.Release|Any CPU.Build.0 = Release|Any CPU
		{DFDF3B4F-09EE-4D52-A987-2089C14F4877}.Release|x64.ActiveCfg = Release|Any CPU
		{DFDF3B4F-09EE-4D52-A987-2089C14F4877}.Release|x64.Build.0 = Release|Any CPU
		{DFDF3B4F-09EE-4D52-A987-2089C14F4877}.Release|x86.ActiveCfg = Release|Any CPU
		{DFDF3B4F-09EE-4D52-A987-2089C14F4877}.Release|x86.Build.0 = Release|Any CPU
		{B7053182-55E8-4296-9180-EFAF0AC0FDD7}.Debug|Any CPU.ActiveCfg = Debug|Any CPU
		{B7053182-55E8-4296-9180-EFAF0AC0FDD7}.Debug|Any CPU.Build.0 = Debug|Any CPU
		{B7053182-55E8-4296-9180-EFAF0AC0FDD7}.Debug|x64.ActiveCfg = Debug|Any CPU
		{B7053182-55E8-4296-9180-EFAF0AC0FDD7}.Debug|x64.Build.0 = Debug|Any CPU
		{B7053182-55E8-4296-9180-EFAF0AC0FDD7}.Debug|x86.ActiveCfg = Debug|Any CPU
		{B7053182-55E8-4296-9180-EFAF0AC0FDD7}.Debug|x86.Build.0 = Debug|Any CPU
		{B7053182-55E8-4296-9180-EFAF0AC0FDD7}.Release|Any CPU.ActiveCfg = Release|Any CPU
		{B7053182-55E8-4296-9180-EFAF0AC0FDD7}.Release|Any CPU.Build.0 = Release|Any CPU
		{B7053182-55E8-4296-9180-EFAF0AC0FDD7}.Release|x64.ActiveCfg = Release|Any CPU
		{B7053182-55E8-4296-9180-EFAF0AC0FDD7}.Release|x64.Build.0 = Release|Any CPU
		{B7053182-55E8-4296-9180-EFAF0AC0FDD7}.Release|x86.ActiveCfg = Release|Any CPU
		{B7053182-55E8-4296-9180-EFAF0AC0FDD7}.Release|x86.Build.0 = Release|Any CPU
		{969C62B0-726B-4D3D-A30C-CD12FF6147F6}.Debug|Any CPU.ActiveCfg = Debug|Any CPU
		{969C62B0-726B-4D3D-A30C-CD12FF6147F6}.Debug|Any CPU.Build.0 = Debug|Any CPU
		{969C62B0-726B-4D3D-A30C-CD12FF6147F6}.Debug|x64.ActiveCfg = Debug|Any CPU
		{969C62B0-726B-4D3D-A30C-CD12FF6147F6}.Debug|x64.Build.0 = Debug|Any CPU
		{969C62B0-726B-4D3D-A30C-CD12FF6147F6}.Debug|x86.ActiveCfg = Debug|Any CPU
		{969C62B0-726B-4D3D-A30C-CD12FF6147F6}.Debug|x86.Build.0 = Debug|Any CPU
		{969C62B0-726B-4D3D-A30C-CD12FF6147F6}.Release|Any CPU.ActiveCfg = Release|Any CPU
		{969C62B0-726B-4D3D-A30C-CD12FF6147F6}.Release|Any CPU.Build.0 = Release|Any CPU
		{969C62B0-726B-4D3D-A30C-CD12FF6147F6}.Release|x64.ActiveCfg = Release|Any CPU
		{969C62B0-726B-4D3D-A30C-CD12FF6147F6}.Release|x64.Build.0 = Release|Any CPU
		{969C62B0-726B-4D3D-A30C-CD12FF6147F6}.Release|x86.ActiveCfg = Release|Any CPU
		{969C62B0-726B-4D3D-A30C-CD12FF6147F6}.Release|x86.Build.0 = Release|Any CPU
		{13BCCE14-E298-4465-A4A5-05E95E3D7DC2}.Debug|Any CPU.ActiveCfg = Debug|Any CPU
		{13BCCE14-E298-4465-A4A5-05E95E3D7DC2}.Debug|Any CPU.Build.0 = Debug|Any CPU
		{13BCCE14-E298-4465-A4A5-05E95E3D7DC2}.Debug|x64.ActiveCfg = Debug|Any CPU
		{13BCCE14-E298-4465-A4A5-05E95E3D7DC2}.Debug|x64.Build.0 = Debug|Any CPU
		{13BCCE14-E298-4465-A4A5-05E95E3D7DC2}.Debug|x86.ActiveCfg = Debug|Any CPU
		{13BCCE14-E298-4465-A4A5-05E95E3D7DC2}.Debug|x86.Build.0 = Debug|Any CPU
		{13BCCE14-E298-4465-A4A5-05E95E3D7DC2}.Release|Any CPU.ActiveCfg = Release|Any CPU
		{13BCCE14-E298-4465-A4A5-05E95E3D7DC2}.Release|Any CPU.Build.0 = Release|Any CPU
		{13BCCE14-E298-4465-A4A5-05E95E3D7DC2}.Release|x64.ActiveCfg = Release|Any CPU
		{13BCCE14-E298-4465-A4A5-05E95E3D7DC2}.Release|x64.Build.0 = Release|Any CPU
		{13BCCE14-E298-4465-A4A5-05E95E3D7DC2}.Release|x86.ActiveCfg = Release|Any CPU
		{13BCCE14-E298-4465-A4A5-05E95E3D7DC2}.Release|x86.Build.0 = Release|Any CPU
		{4B8AA433-CD4A-4707-8376-0FB81EA8696B}.Debug|Any CPU.ActiveCfg = Debug|Any CPU
		{4B8AA433-CD4A-4707-8376-0FB81EA8696B}.Debug|Any CPU.Build.0 = Debug|Any CPU
		{4B8AA433-CD4A-4707-8376-0FB81EA8696B}.Debug|x64.ActiveCfg = Debug|Any CPU
		{4B8AA433-CD4A-4707-8376-0FB81EA8696B}.Debug|x64.Build.0 = Debug|Any CPU
		{4B8AA433-CD4A-4707-8376-0FB81EA8696B}.Debug|x86.ActiveCfg = Debug|Any CPU
		{4B8AA433-CD4A-4707-8376-0FB81EA8696B}.Debug|x86.Build.0 = Debug|Any CPU
		{4B8AA433-CD4A-4707-8376-0FB81EA8696B}.Release|Any CPU.ActiveCfg = Release|Any CPU
		{4B8AA433-CD4A-4707-8376-0FB81EA8696B}.Release|Any CPU.Build.0 = Release|Any CPU
		{4B8AA433-CD4A-4707-8376-0FB81EA8696B}.Release|x64.ActiveCfg = Release|Any CPU
		{4B8AA433-CD4A-4707-8376-0FB81EA8696B}.Release|x64.Build.0 = Release|Any CPU
		{4B8AA433-CD4A-4707-8376-0FB81EA8696B}.Release|x86.ActiveCfg = Release|Any CPU
		{4B8AA433-CD4A-4707-8376-0FB81EA8696B}.Release|x86.Build.0 = Release|Any CPU
		{4EC683FD-D6AE-4B94-B382-D288C9F45488}.Debug|Any CPU.ActiveCfg = Debug|Any CPU
		{4EC683FD-D6AE-4B94-B382-D288C9F45488}.Debug|Any CPU.Build.0 = Debug|Any CPU
		{4EC683FD-D6AE-4B94-B382-D288C9F45488}.Debug|x64.ActiveCfg = Debug|Any CPU
		{4EC683FD-D6AE-4B94-B382-D288C9F45488}.Debug|x64.Build.0 = Debug|Any CPU
		{4EC683FD-D6AE-4B94-B382-D288C9F45488}.Debug|x86.ActiveCfg = Debug|Any CPU
		{4EC683FD-D6AE-4B94-B382-D288C9F45488}.Debug|x86.Build.0 = Debug|Any CPU
		{4EC683FD-D6AE-4B94-B382-D288C9F45488}.Release|Any CPU.ActiveCfg = Release|Any CPU
		{4EC683FD-D6AE-4B94-B382-D288C9F45488}.Release|Any CPU.Build.0 = Release|Any CPU
		{4EC683FD-D6AE-4B94-B382-D288C9F45488}.Release|x64.ActiveCfg = Release|Any CPU
		{4EC683FD-D6AE-4B94-B382-D288C9F45488}.Release|x64.Build.0 = Release|Any CPU
		{4EC683FD-D6AE-4B94-B382-D288C9F45488}.Release|x86.ActiveCfg = Release|Any CPU
		{4EC683FD-D6AE-4B94-B382-D288C9F45488}.Release|x86.Build.0 = Release|Any CPU
		{CFEB69B5-99C9-498D-9419-2A9107A1F9D4}.Debug|Any CPU.ActiveCfg = Debug|Any CPU
		{CFEB69B5-99C9-498D-9419-2A9107A1F9D4}.Debug|Any CPU.Build.0 = Debug|Any CPU
		{CFEB69B5-99C9-498D-9419-2A9107A1F9D4}.Debug|x64.ActiveCfg = Debug|Any CPU
		{CFEB69B5-99C9-498D-9419-2A9107A1F9D4}.Debug|x64.Build.0 = Debug|Any CPU
		{CFEB69B5-99C9-498D-9419-2A9107A1F9D4}.Debug|x86.ActiveCfg = Debug|Any CPU
		{CFEB69B5-99C9-498D-9419-2A9107A1F9D4}.Debug|x86.Build.0 = Debug|Any CPU
		{CFEB69B5-99C9-498D-9419-2A9107A1F9D4}.Release|Any CPU.ActiveCfg = Release|Any CPU
		{CFEB69B5-99C9-498D-9419-2A9107A1F9D4}.Release|Any CPU.Build.0 = Release|Any CPU
		{CFEB69B5-99C9-498D-9419-2A9107A1F9D4}.Release|x64.ActiveCfg = Release|Any CPU
		{CFEB69B5-99C9-498D-9419-2A9107A1F9D4}.Release|x64.Build.0 = Release|Any CPU
		{CFEB69B5-99C9-498D-9419-2A9107A1F9D4}.Release|x86.ActiveCfg = Release|Any CPU
		{CFEB69B5-99C9-498D-9419-2A9107A1F9D4}.Release|x86.Build.0 = Release|Any CPU
		{61BD88E2-87D6-4C29-A639-9B25DE584CE8}.Debug|Any CPU.ActiveCfg = Debug|Any CPU
		{61BD88E2-87D6-4C29-A639-9B25DE584CE8}.Debug|Any CPU.Build.0 = Debug|Any CPU
		{61BD88E2-87D6-4C29-A639-9B25DE584CE8}.Debug|x64.ActiveCfg = Debug|Any CPU
		{61BD88E2-87D6-4C29-A639-9B25DE584CE8}.Debug|x64.Build.0 = Debug|Any CPU
		{61BD88E2-87D6-4C29-A639-9B25DE584CE8}.Debug|x86.ActiveCfg = Debug|Any CPU
		{61BD88E2-87D6-4C29-A639-9B25DE584CE8}.Debug|x86.Build.0 = Debug|Any CPU
		{61BD88E2-87D6-4C29-A639-9B25DE584CE8}.Release|Any CPU.ActiveCfg = Release|Any CPU
		{61BD88E2-87D6-4C29-A639-9B25DE584CE8}.Release|Any CPU.Build.0 = Release|Any CPU
		{61BD88E2-87D6-4C29-A639-9B25DE584CE8}.Release|x64.ActiveCfg = Release|Any CPU
		{61BD88E2-87D6-4C29-A639-9B25DE584CE8}.Release|x64.Build.0 = Release|Any CPU
		{61BD88E2-87D6-4C29-A639-9B25DE584CE8}.Release|x86.ActiveCfg = Release|Any CPU
		{61BD88E2-87D6-4C29-A639-9B25DE584CE8}.Release|x86.Build.0 = Release|Any CPU
		{70A2A9DA-DEBC-4C77-BB88-80FAC1CB9CE9}.Debug|Any CPU.ActiveCfg = Debug|Any CPU
		{70A2A9DA-DEBC-4C77-BB88-80FAC1CB9CE9}.Debug|Any CPU.Build.0 = Debug|Any CPU
		{70A2A9DA-DEBC-4C77-BB88-80FAC1CB9CE9}.Debug|x64.ActiveCfg = Debug|Any CPU
		{70A2A9DA-DEBC-4C77-BB88-80FAC1CB9CE9}.Debug|x64.Build.0 = Debug|Any CPU
		{70A2A9DA-DEBC-4C77-BB88-80FAC1CB9CE9}.Debug|x86.ActiveCfg = Debug|Any CPU
		{70A2A9DA-DEBC-4C77-BB88-80FAC1CB9CE9}.Debug|x86.Build.0 = Debug|Any CPU
		{70A2A9DA-DEBC-4C77-BB88-80FAC1CB9CE9}.Release|Any CPU.ActiveCfg = Release|Any CPU
		{70A2A9DA-DEBC-4C77-BB88-80FAC1CB9CE9}.Release|Any CPU.Build.0 = Release|Any CPU
		{70A2A9DA-DEBC-4C77-BB88-80FAC1CB9CE9}.Release|x64.ActiveCfg = Release|Any CPU
		{70A2A9DA-DEBC-4C77-BB88-80FAC1CB9CE9}.Release|x64.Build.0 = Release|Any CPU
		{70A2A9DA-DEBC-4C77-BB88-80FAC1CB9CE9}.Release|x86.ActiveCfg = Release|Any CPU
		{70A2A9DA-DEBC-4C77-BB88-80FAC1CB9CE9}.Release|x86.Build.0 = Release|Any CPU
	EndGlobalSection
	GlobalSection(SolutionProperties) = preSolution
		HideSolutionNode = FALSE
	EndGlobalSection
	GlobalSection(NestedProjects) = preSolution
		{DFDF3B4F-09EE-4D52-A987-2089C14F4877} = {36AFE796-F1E7-4567-B68D-5C6952834595}
		{61BD88E2-87D6-4C29-A639-9B25DE584CE8} = {803D2F85-6277-47A6-B025-F794D30CA696}
		{70A2A9DA-DEBC-4C77-BB88-80FAC1CB9CE9} = {803D2F85-6277-47A6-B025-F794D30CA696}
	EndGlobalSection
	GlobalSection(ExtensibilityGlobals) = postSolution
		SolutionGuid = {247DD348-EA27-4162-ADA6-A61A173223DF}
	EndGlobalSection
	GlobalSection(MonoDevelopProperties) = preSolution
		Policies = $0
		$0.DotNetNamingPolicy = $1
		$1.DirectoryNamespaceAssociation = PrefixedHierarchical
	EndGlobalSection
EndGlobal
